{
  "requires": true,
  "lockfileVersion": 1,
  "dependencies": {
    "async-limiter": {
      "version": "file:https:/registry.npm.taobao.org/async-limiter/download/async-limiter-1.0.0.tgz"
    },
    "ffmpeg": {
      "version": "0.0.4",
      "resolved": "https://registry.npmjs.org/ffmpeg/-/ffmpeg-0.0.4.tgz",
      "integrity": "sha1-HEYN+OfaUSf2LO70v6BsWciWMMs=",
      "requires": {
        "when": ">= 0.0.1"
      },
      "dependencies": {
        "when": {
          "version": "3.7.8",
          "resolved": "https://registry.npmjs.org/when/-/when-3.7.8.tgz",
          "integrity": "sha1-xxMLan6gRpPoQs3J56Hyqjmjn4I="
        }
      }
    },
    "node-rtsp-stream": {
      "version": "file:https:/registry.npm.taobao.org/node-rtsp-stream/download/node-rtsp-stream-0.0.8.tgz",
      "requires": {
        "ws": "^7.0.0"
      },
      "dependencies": {
        "ws": {
          "version": "7.1.1",
          "resolved": "https://registry.npm.taobao.org/ws/download/ws-7.1.1.tgz",
          "requires": {
            "async-limiter": "^1.0.0"
          },
          "dependencies": {
            "async-limiter": {
              "version": "1.0.0",
              "resolved": "https://registry.npm.taobao.org/async-limiter/download/async-limiter-1.0.0.tgz"
            }
          }
        }
      }
    },
    "when": {
      "version": "file:https:/registry.npm.taobao.org/when/download/when-3.7.8.tgz"
    },
    "ws": {
      "version": "file:https:/registry.npm.taobao.org/ws/download/ws-7.1.1.tgz",
      "requires": {
        "async-limiter": "^1.0.0"
      },
      "dependencies": {
        "async-limiter": {
          "version": "1.0.0",
          "resolved": "https://registry.npm.taobao.org/async-limiter/download/async-limiter-1.0.0.tgz"
        }
      }
    }
  }
}
